
Microsoft Visual Studio Solution File, Format Version 12.00
# Visual Studio 15
VisualStudioVersion = 15.0.27703.2047
MinimumVisualStudioVersion = 10.0.40219.1
Project("{FAE04EC0-301F-11D3-BF4B-00C04F79EFBC}") = "WebApplication2", "WebApplication2\WebApplication2.csproj", "{8DCCD947-EF32-4958-A751-4F4CF5D7C46E}"
EndProject
Global
	GlobalSection(SolutionConfigurationPlatforms) = preSolution
		Debug|Any CPU = Debug|Any CPU
		Release|Any CPU = Release|Any CPU
	EndGlobalSection
	GlobalSection(ProjectConfigurationPlatforms) = postSolution
		{8DCCD947-EF32-4958-A751-4F4CF5D7C46E}.Debug|Any CPU.ActiveCfg = Debug|Any CPU
		{8DCCD947-EF32-4958-A751-4F4CF5D7C46E}.Debug|Any CPU.Build.0 = Debug|Any CPU
		{8DCCD947-EF32-4958-A751-4F4CF5D7C46E}.Release|Any CPU.ActiveCfg = Release|Any CPU
		{8DCCD947-EF32-4958-A751-4F4CF5D7C46E}.Release|Any CPU.Build.0 = Release|Any CPU
	EndGlobalSection
	GlobalSection(SolutionProperties) = preSolution
		HideSolutionNode = FALSE
	EndGlobalSection
	GlobalSection(ExtensibilityGlobals) = postSolution
		SolutionGuid = {9D55420C-3674-4B97-A664-BB18A3243978}
	EndGlobalSection
EndGlobal
